{
  "originHash" : "d2ae08d59b2eeff1d90c1a10eda86bad96654d5f10caeba86870f50a96284e71",
  "pins" : [
    {
      "identity" : "alamofire",
      "kind" : "remoteSourceControl",
      "location" : "https://github.com/Alamofire/Alamofire.git",
      "state" : {
        "revision" : "7595cbcf59809f9977c5f6378500de2ad73b7ddb",
        "version" : "5.12.0"
      }
    },
    {
      "identity" : "sqlite.swift",
      "kind" : "remoteSourceControl",
      "location" : "https://github.com/stephencelis/SQLite.swift.git",
      "state" : {
        "revision" : "964c300fb0736699ce945c9edb56ecd62eba27a3",
        "version" : "0.16.0"
      }
    },
    {
      "identity" : "swiftsoup",
      "kind" : "remoteSourceControl",
      "location" : "https://github.com/scinfu/SwiftSoup.git",
      "state" : {
        "revision" : "8d6ad267714cac3ae747cefdd21f7a6665006e1f",
        "version" : "2.13.7"
      }
    },
    {
      "identity" : "zipfoundation",
      "kind" : "remoteSourceControl",
      "location" : "https://github.com/weichsel/ZIPFoundation.git",
      "state" : {
        "revision" : "22787ffb59de99e5dc1fbfe80b19c97a904ad48d",
        "version" : "0.9.20"
      }
    }
  ],
  "version" : 3
}
